// !$*UTF8*$!
{
	archiveVersion = 1;
	classes = {
	};
	objectVersion = 50;
	objects = {

/* Begin PBXBuildFile section */
		8118249225DED5BE006E13C3 /* AppDelegate.swift in Sources */ = {isa = PBXBuildFile; fileRef = 8118249125DED5BE006E13C3 /* AppDelegate.swift */; };
		8118249425DED5BE006E13C3 /* SceneDelegate.swift in Sources */ = {isa = PBXBuildFile; fileRef = 8118249325DED5BE006E13C3 /* SceneDelegate.swift */; };
		8118249625DED5BE006E13C3 /* ViewController.swift in Sources */ = {isa = PBXBuildFile; fileRef = 8118249525DED5BE006E13C3 /* ViewController.swift */; };
		8118249925DED5BE006E13C3 /* Main.storyboard in Resources */ = {isa = PBXBuildFile; fileRef = 8118249725DED5BE006E13C3 /* Main.storyboard */; };
		8118249B25DED5BF006E13C3 /* Assets.xcassets in Resources */ = {isa = PBXBuildFile; fileRef = 8118249A25DED5BF006E13C3 /* Assets.xcassets */; };
		8118249E25DED5BF006E13C3 /* LaunchScreen.storyboard in Resources */ = {isa = PBXBuildFile; fileRef = 8118249C25DED5BF006E13C3 /* LaunchScreen.storyboard */; };
		811824A725DED95C006E13C3 /* NetworkService.swift in Sources */ = {isa = PBXBuildFile; fileRef = 811824A625DED95C006E13C3 /* NetworkService.swift */; };
		811824AC25DED9B2006E13C3 /* NetworkDataFeather.swift in Sources */ = {isa = PBXBuildFile; fileRef = 811824AB25DED9B2006E13C3 /* NetworkDataFeather.swift */; };
		811824AF25DED9D8006E13C3 /*  SearchResponse.swift in Sources */ = {isa = PBXBuildFile; fileRef = 811824AE25DED9D8006E13C3 /*  SearchResponse.swift */; };
/* End PBXBuildFile section */

/* Begin PBXFileReference section */
		8118248E25DED5BE006E13C3 /* MyFirstPj.app */ = {isa = PBXFileReference; explicitFileType = wrapper.application; includeInIndex = 0; path = MyFirstPj.app; sourceTree = BUILT_PRODUCTS_DIR; };
		8118249125DED5BE006E13C3 /* AppDelegate.swift */ = {isa = PBXFileReference; lastKnownFileType = sourcecode.swift; path = AppDelegate.swift; sourceTree = "<group>"; };
		8118249325DED5BE006E13C3 /* SceneDelegate.swift */ = {isa = PBXFileReference; lastKnownFileType = sourcecode.swift; path = SceneDelegate.swift; sourceTree = "<group>"; };
		8118249525DED5BE006E13C3 /* ViewController.swift */ = {isa = PBXFileReference; lastKnownFileType = sourcecode.swift; path = ViewController.swift; sourceTree = "<group>"; };
		8118249825DED5BE006E13C3 /* Base */ = {isa = PBXFileReference; lastKnownFileType = file.storyboard; name = Base; path = Base.lproj/Main.storyboard; sourceTree = "<group>"; };
		8118249A25DED5BF006E13C3 /* Assets.xcassets */ = {isa = PBXFileReference; lastKnownFileType = folder.assetcatalog; path = Assets.xcassets; sourceTree = "<group>"; };
		8118249D25DED5BF006E13C3 /* Base */ = {isa = PBXFileReference; lastKnownFileType = file.storyboard; name = Base; path = Base.lproj/LaunchScreen.storyboard; sourceTree = "<group>"; };
		8118249F25DED5BF006E13C3 /* Info.plist */ = {isa = PBXFileReference; lastKnownFileType = text.plist.xml; path = Info.plist; sourceTree = "<group>"; };
		811824A625DED95C006E13C3 /* NetworkService.swift */ = {isa = PBXFileReference; lastKnownFileType = sourcecode.swift; path = NetworkService.swift; sourceTree = "<group>"; };
		811824AB25DED9B2006E13C3 /* NetworkDataFeather.swift */ = {isa = PBXFileReference; lastKnownFileType = sourcecode.swift; path = NetworkDataFeather.swift; sourceTree = "<group>"; };
		811824AE25DED9D8006E13C3 /*  SearchResponse.swift */ = {isa = PBXFileReference; lastKnownFileType = sourcecode.swift; path = " SearchResponse.swift"; sourceTree = "<group>"; };
/* End PBXFileReference section */

/* Begin PBXFrameworksBuildPhase section */
		8118248B25DED5BE006E13C3 /* Frameworks */ = {
			isa = PBXFrameworksBuildPhase;
			buildActionMask = 2147483647;
			files = (
			);
			runOnlyForDeploymentPostprocessing = 0;
		};
/* End PBXFrameworksBuildPhase section */

/* Begin PBXGroup section */
		8118248525DED5BE006E13C3 = {
			isa = PBXGroup;
			children = (
				8118249025DED5BE006E13C3 /* MyFirstPj */,
				8118248F25DED5BE006E13C3 /* Products */,
			);
			sourceTree = "<group>";
		};
		8118248F25DED5BE006E13C3 /* Products */ = {
			isa = PBXGroup;
			children = (
				8118248E25DED5BE006E13C3 /* MyFirstPj.app */,
			);
			name = Products;
			sourceTree = "<group>";
		};
		8118249025DED5BE006E13C3 /* MyFirstPj */ = {
			isa = PBXGroup;
			children = (
				8118249125DED5BE006E13C3 /* AppDelegate.swift */,
				8118249325DED5BE006E13C3 /* SceneDelegate.swift */,
				8118249525DED5BE006E13C3 /* ViewController.swift */,
				811824A925DED989006E13C3 /* Networking */,
				8118249725DED5BE006E13C3 /* Main.storyboard */,
				8118249A25DED5BF006E13C3 /* Assets.xcassets */,
				8118249C25DED5BF006E13C3 /* LaunchScreen.storyboard */,
				8118249F25DED5BF006E13C3 /* Info.plist */,
			);
			path = MyFirstPj;
			sourceTree = "<group>";
		};
		811824A925DED989006E13C3 /* Networking */ = {
			isa = PBXGroup;
			children = (
				811824A625DED95C006E13C3 /* NetworkService.swift */,
				811824AB25DED9B2006E13C3 /* NetworkDataFeather.swift */,
				811824AE25DED9D8006E13C3 /*  SearchResponse.swift */,
			);
			path = Networking;
			sourceTree = "<group>";
		};
/* End PBXGroup section */

/* Begin PBXNativeTarget section */
		8118248D25DED5BE006E13C3 /* MyFirstPj */ = {
			isa = PBXNativeTarget;
			buildConfigurationList = 811824A225DED5BF006E13C3 /* Build configuration list for PBXNativeTarget "MyFirstPj" */;
			buildPhases = (
				8118248A25DED5BE006E13C3 /* Sources */,
				8118248B25DED5BE006E13C3 /* Frameworks */,
				8118248C25DED5BE006E13C3 /* Resources */,
			);
			buildRules = (
			);
			dependencies = (
			);
			name = MyFirstPj;
			productName = MyFirstPj;
			productReference = 8118248E25DED5BE006E13C3 /* MyFirstPj.app */;
			productType = "com.apple.product-type.application";
		};
/* End PBXNativeTarget section */

/* Begin PBXProject section */
		8118248625DED5BE006E13C3 /* Project object */ = {
			isa = PBXProject;
			attributes = {
				LastSwiftUpdateCheck = 1240;
				LastUpgradeCheck = 1240;
				TargetAttributes = {
					8118248D25DED5BE006E13C3 = {
						CreatedOnToolsVersion = 12.4;
					};
				};
			};
			buildConfigurationList = 8118248925DED5BE006E13C3 /* Build configuration list for PBXProject "MyFirstPj" */;
			compatibilityVersion = "Xcode 9.3";
			developmentRegion = en;
			hasScannedForEncodings = 0;
			knownRegions = (
				en,
				Base,
			);
			mainGroup = 8118248525DED5BE006E13C3;
			productRefGroup = 8118248F25DED5BE006E13C3 /* Products */;
			projectDirPath = "";
			projectRoot = "";
			targets = (
				8118248D25DED5BE006E13C3 /* MyFirstPj */,
			);
		};
/* End PBXProject section */

/* Begin PBXResourcesBuildPhase section */
		8118248C25DED5BE006E13C3 /* Resources */ = {
			isa = PBXResourcesBuildPhase;
			buildActionMask = 2147483647;
			files = (
				8118249E25DED5BF006E13C3 /* LaunchScreen.storyboard in Resources */,
				8118249B25DED5BF006E13C3 /* Assets.xcassets in Resources */,
				8118249925DED5BE006E13C3 /* Main.storyboard in Resources */,
			);
			runOnlyForDeploymentPostprocessing = 0;
		};
/* End PBXResourcesBuildPhase section */

/* Begin PBXSourcesBuildPhase section */
		8118248A25DED5BE006E13C3 /* Sources */ = {
			isa = PBXSourcesBuildPhase;
			buildActionMask = 2147483647;
			files = (
				8118249625DED5BE006E13C3 /* ViewController.swift in Sources */,
				811824AF25DED9D8006E13C3 /*  SearchResponse.swift in Sources */,
				8118249225DED5BE006E13C3 /* AppDelegate.swift in Sources */,
				811824A725DED95C006E13C3 /* NetworkService.swift in Sources */,
				811824AC25DED9B2006E13C3 /* NetworkDataFeather.swift in Sources */,
				8118249425DED5BE006E13C3 /* SceneDelegate.swift in Sources */,
			);
			runOnlyForDeploymentPostprocessing = 0;
		};
/* End PBXSourcesBuildPhase section */

/* Begin PBXVariantGroup section */
		8118249725DED5BE006E13C3 /* Main.storyboard */ = {
			isa = PBXVariantGroup;
			children = (
				8118249825DED5BE006E13C3 /* Base */,
			);
			name = Main.storyboard;
			sourceTree = "<group>";
		};
		8118249C25DED5BF006E13C3 /* LaunchScreen.storyboard */ = {
			isa = PBXVariantGroup;
			children = (
				8118249D25DED5BF006E13C3 /* Base */,
			);
			name = LaunchScreen.storyboard;
			sourceTree = "<group>";
		};
/* End PBXVariantGroup section */

/* Begin XCBuildConfiguration section */
		811824A025DED5BF006E13C3 /* Debug */ = {
			isa = XCBuildConfiguration;
			buildSettings = {
				ALWAYS_SEARCH_USER_PATHS = NO;
				CLANG_ANALYZER_NONNULL = YES;
				CLANG_ANALYZER_NUMBER_OBJECT_CONVERSION = YES_AGGRESSIVE;
				CLANG_CXX_LANGUAGE_STANDARD = "gnu++14";
				CLANG_CXX_LIBRARY = "libc++";
				CLANG_ENABLE_MODULES = YES;
				CLANG_ENABLE_OBJC_ARC = YES;
				CLANG_ENABLE_OBJC_WEAK = YES;
				CLANG_WARN_BLOCK_CAPTURE_AUTORELEASING = YES;
				CLANG_WARN_BOOL_CONVERSION = YES;
				CLANG_WARN_COMMA = YES;
				CLANG_WARN_CONSTANT_CONVERSION = YES;
				CLANG_WARN_DEPRECATED_OBJC_IMPLEMENTATIONS = YES;
				CLANG_WARN_DIRECT_OBJC_ISA_USAGE = YES_ERROR;
				CLANG_WARN_DOCUMENTATION_COMMENTS = YES;
				CLANG_WARN_EMPTY_BODY = YES;
				CLANG_WARN_ENUM_CONVERSION = YES;
				CLANG_WARN_INFINITE_RECURSION = YES;
				CLANG_WARN_INT_CONVERSION = YES;
				CLANG_WARN_NON_LITERAL_NULL_CONVERSION = YES;
				CLANG_WARN_OBJC_IMPLICIT_RETAIN_SELF = YES;
				CLANG_WARN_OBJC_LITERAL_CONVERSION = YES;
				CLANG_WARN_OBJC_ROOT_CLASS = YES_ERROR;
				CLANG_WARN_QUOTED_INCLUDE_IN_FRAMEWORK_HEADER = YES;
				CLANG_WARN_RANGE_LOOP_ANALYSIS = YES;
				CLANG_WARN_STRICT_PROTOTYPES = YES;
				CLANG_WARN_SUSPICIOUS_MOVE = YES;
				CLANG_WARN_UNGUARDED_AVAILABILITY = YES_AGGRESSIVE;
				CLANG_WARN_UNREACHABLE_CODE = YES;
				CLANG_WARN__DUPLICATE_METHOD_MATCH = YES;
				COPY_PHASE_STRIP = NO;
				DEBUG_INFORMATION_FORMAT = dwarf;
				ENABLE_STRICT_OBJC_MSGSEND = YES;
				ENABLE_TESTABILITY = YES;
				GCC_C_LANGUAGE_STANDARD = gnu11;
				GCC_DYNAMIC_NO_PIC = NO;
				GCC_NO_COMMON_BLOCKS = YES;
				GCC_OPTIMIZATION_LEVEL = 0;
				GCC_PREPROCESSOR_DEFINITIONS = (
					"DEBUG=1",
					"$(inherited)",
				);
				GCC_WARN_64_TO_32_BIT_CONVERSION = YES;
				GCC_WARN_ABOUT_RETURN_TYPE = YES_ERROR;
				GCC_WARN_UNDECLARED_SELECTOR = YES;
				GCC_WARN_UNINITIALIZED_AUTOS = YES_AGGRESSIVE;
				GCC_WARN_UNUSED_FUNCTION = YES;
				GCC_WARN_UNUSED_VARIABLE = YES;
				IPHONEOS_DEPLOYMENT_TARGET = 14.4;
				MTL_ENABLE_DEBUG_INFO = INCLUDE_SOURCE;
				MTL_FAST_MATH = YES;
				ONLY_ACTIVE_ARCH = YES;
				SDKROOT = iphoneos;
				SWIFT_ACTIVE_COMPILATION_CONDITIONS = DEBUG;
				SWIFT_OPTIMIZATION_LEVEL = "-Onone";
			};
			name = Debug;
		};
		811824A125DED5BF006E13C3 /* Release */ = {
			isa = XCBuildConfiguration;
			buildSettings = {
				ALWAYS_SEARCH_USER_PATHS = NO;
				CLANG_ANALYZER_NONNULL = YES;
				CLANG_ANALYZER_NUMBER_OBJECT_CONVERSION = YES_AGGRESSIVE;
				CLANG_CXX_LANGUAGE_STANDARD = "gnu++14";
				CLANG_CXX_LIBRARY = "libc++";
				CLANG_ENABLE_MODULES = YES;
				CLANG_ENABLE_OBJC_ARC = YES;
				CLANG_ENABLE_OBJC_WEAK = YES;
				CLANG_WARN_BLOCK_CAPTURE_AUTORELEASING = YES;
				CLANG_WARN_BOOL_CONVERSION = YES;
				CLANG_WARN_COMMA = YES;
				CLANG_WARN_CONSTANT_CONVERSION = YES;
				CLANG_WARN_DEPRECATED_OBJC_IMPLEMENTATIONS = YES;
				CLANG_WARN_DIRECT_OBJC_ISA_USAGE = YES_ERROR;
				CLANG_WARN_DOCUMENTATION_COMMENTS = YES;
				CLANG_WARN_EMPTY_BODY = YES;
				CLANG_WARN_ENUM_CONVERSION = YES;
				CLANG_WARN_INFINITE_RECURSION = YES;
				CLANG_WARN_INT_CONVERSION = YES;
				CLANG_WARN_NON_LITERAL_NULL_CONVERSION = YES;
				CLANG_WARN_OBJC_IMPLICIT_RETAIN_SELF = YES;
				CLANG_WARN_OBJC_LITERAL_CONVERSION = YES;
				CLANG_WARN_OBJC_ROOT_CLASS = YES_ERROR;
				CLANG_WARN_QUOTED_INCLUDE_IN_FRAMEWORK_HEADER = YES;
				CLANG_WARN_RANGE_LOOP_ANALYSIS = YES;
				CLANG_WARN_STRICT_PROTOTYPES = YES;
				CLANG_WARN_SUSPICIOUS_MOVE = YES;
				CLANG_WARN_UNGUARDED_AVAILABILITY = YES_AGGRESSIVE;
				CLANG_WARN_UNREACHABLE_CODE = YES;
				CLANG_WARN__DUPLICATE_METHOD_MATCH = YES;
				COPY_PHASE_STRIP = NO;
				DEBUG_INFORMATION_FORMAT = "dwarf-with-dsym";
				ENABLE_NS_ASSERTIONS = NO;
				ENABLE_STRICT_OBJC_MSGSEND = YES;
				GCC_C_LANGUAGE_STANDARD = gnu11;
				GCC_NO_COMMON_BLOCKS = YES;
				GCC_WARN_64_TO_32_BIT_CONVERSION = YES;
				GCC_WARN_ABOUT_RETURN_TYPE = YES_ERROR;
				GCC_WARN_UNDECLARED_SELECTOR = YES;
				GCC_WARN_UNINITIALIZED_AUTOS = YES_AGGRESSIVE;
				GCC_WARN_UNUSED_FUNCTION = YES;
				GCC_WARN_UNUSED_VARIABLE = YES;
				IPHONEOS_DEPLOYMENT_TARGET = 14.4;
				MTL_ENABLE_DEBUG_INFO = NO;
				MTL_FAST_MATH = YES;
				SDKROOT = iphoneos;
				SWIFT_COMPILATION_MODE = wholemodule;
				SWIFT_OPTIMIZATION_LEVEL = "-O";
				VALIDATE_PRODUCT = YES;
			};
			name = Release;
		};
		811824A325DED5BF006E13C3 /* Debug */ = {
			isa = XCBuildConfiguration;
			buildSettings = {
				ASSETCATALOG_COMPILER_APPICON_NAME = AppIcon;
				ASSETCATALOG_COMPILER_GLOBAL_ACCENT_COLOR_NAME = AccentColor;
				CODE_SIGN_STYLE = Automatic;
				INFOPLIST_FILE = MyFirstPj/Info.plist;
				LD_RUNPATH_SEARCH_PATHS = (
					"$(inherited)",
					"@executable_path/Frameworks",
				);
				PRODUCT_BUNDLE_IDENTIFIER = smilegop.MyFirstPj;
				PRODUCT_NAME = "$(TARGET_NAME)";
				SWIFT_VERSION = 5.0;
				TARGETED_DEVICE_FAMILY = "1,2";
			};
			name = Debug;
		};
		811824A425DED5BF006E13C3 /* Release */ = {
			isa = XCBuildConfiguration;
			buildSettings = {
				ASSETCATALOG_COMPILER_APPICON_NAME = AppIcon;
				ASSETCATALOG_COMPILER_GLOBAL_ACCENT_COLOR_NAME = AccentColor;
				CODE_SIGN_STYLE = Automatic;
				INFOPLIST_FILE = MyFirstPj/Info.plist;
				LD_RUNPATH_SEARCH_PATHS = (
					"$(inherited)",
					"@executable_path/Frameworks",
				);
				PRODUCT_BUNDLE_IDENTIFIER = smilegop.MyFirstPj;
				PRODUCT_NAME = "$(TARGET_NAME)";
				SWIFT_VERSION = 5.0;
				TARGETED_DEVICE_FAMILY = "1,2";
			};
			name = Release;
		};
/* End XCBuildConfiguration section */

/* Begin XCConfigurationList section */
		8118248925DED5BE006E13C3 /* Build configuration list for PBXProject "MyFirstPj" */ = {
			isa = XCConfigurationList;
			buildConfigurations = (
				811824A025DED5BF006E13C3 /* Debug */,
				811824A125DED5BF006E13C3 /* Release */,
			);
			defaultConfigurationIsVisible = 0;
			defaultConfigurationName = Release;
		};
		811824A225DED5BF006E13C3 /* Build configuration list for PBXNativeTarget "MyFirstPj" */ = {
			isa = XCConfigurationList;
			buildConfigurations = (
				811824A325DED5BF006E13C3 /* Debug */,
				811824A425DED5BF006E13C3 /* Release */,
			);
			defaultConfigurationIsVisible = 0;
			defaultConfigurationName = Release;
		};
/* End XCConfigurationList section */
	};
	rootObject = 8118248625DED5BE006E13C3 /* Project object */;
}
